
Microsoft Visual Studio Solution File, Format Version 12.00
# Visual Studio Version 17
VisualStudioVersion = 17.7.34018.315
MinimumVisualStudioVersion = 10.0.40219.1
Project("{FAE04EC0-301F-11D3-BF4B-00C04F79EFBC}") = "lab1.0", "lab1.0\lab1.0.csproj", "{F79BD129-4E13-49EC-B0D4-BFFA3F25C145}"
EndProject
Global
	GlobalSection(SolutionConfigurationPlatforms) = preSolution
		Debug|Any CPU = Debug|Any CPU
		Release|Any CPU = Release|Any CPU
	EndGlobalSection
	GlobalSection(ProjectConfigurationPlatforms) = postSolution
		{F79BD129-4E13-49EC-B0D4-BFFA3F25C145}.Debug|Any CPU.ActiveCfg = Debug|Any CPU
		{F79BD129-4E13-49EC-B0D4-BFFA3F25C145}.Debug|Any CPU.Build.0 = Debug|Any CPU
		{F79BD129-4E13-49EC-B0D4-BFFA3F25C145}.Release|Any CPU.ActiveCfg = Release|Any CPU
		{F79BD129-4E13-49EC-B0D4-BFFA3F25C145}.Release|Any CPU.Build.0 = Release|Any CPU
	EndGlobalSection
	GlobalSection(SolutionProperties) = preSolution
		HideSolutionNode = FALSE
	EndGlobalSection
	GlobalSection(ExtensibilityGlobals) = postSolution
		SolutionGuid = {2A751C41-D0AC-4B74-92EE-0FB668779FA8}
	EndGlobalSection
EndGlobal
